
Microsoft Visual Studio Solution File, Format Version 12.00
# Visual Studio Version 17
VisualStudioVersion = 17.4.33110.190
MinimumVisualStudioVersion = 10.0.40219.1
Project("{888888A0-9F3D-457C-B088-3A5042F75D52}") = "Komparato-inator", "Komparato-inator.pyproj", "{00DA3625-C5FB-4A64-8E1F-2B0C22BE5DC1}"
EndProject
Global
	GlobalSection(SolutionConfigurationPlatforms) = preSolution
		Debug|Any CPU = Debug|Any CPU
		Release|Any CPU = Release|Any CPU
	EndGlobalSection
	GlobalSection(ProjectConfigurationPlatforms) = postSolution
		{00DA3625-C5FB-4A64-8E1F-2B0C22BE5DC1}.Debug|Any CPU.ActiveCfg = Debug|Any CPU
		{00DA3625-C5FB-4A64-8E1F-2B0C22BE5DC1}.Release|Any CPU.ActiveCfg = Release|Any CPU
	EndGlobalSection
	GlobalSection(SolutionProperties) = preSolution
		HideSolutionNode = FALSE
	EndGlobalSection
	GlobalSection(ExtensibilityGlobals) = postSolution
		SolutionGuid = {CEBB4587-4039-4819-BF27-660D2BEF362D}
	EndGlobalSection
EndGlobal
